
Microsoft Visual Studio Solution File, Format Version 12.00
# Visual Studio Version 16
VisualStudioVersion = 16.0.30114.105
MinimumVisualStudioVersion = 10.0.40219.1
Project("{2150E333-8FDC-42A3-9474-1A3956D46DE8}") = "src", "src", "{6B3B3222-6AE9-493B-84BF-4B9B52D48748}"
EndProject
Project("{FAE04EC0-301F-11D3-BF4B-00C04F79EFBC}") = "RuntimeT4Generator", "src\RuntimeT4Generator\RuntimeT4Generator.csproj", "{93307D5E-5E95-4EC4-970F-6645035BAAA2}"
EndProject
Project("{FAE04EC0-301F-11D3-BF4B-00C04F79EFBC}") = "RuntimeT4Generator.Roslyn3", "src\RuntimeT4Generator.Roslyn3\RuntimeT4Generator.Roslyn3.csproj", "{FC5ED56B-4E95-4796-9238-A64C30920AE7}"
EndProject
Project("{2150E333-8FDC-42A3-9474-1A3956D46DE8}") = "tests", "tests", "{EC3051D3-D6EB-438B-BDD6-DDC32D6D7AE2}"
EndProject
Project("{FAE04EC0-301F-11D3-BF4B-00C04F79EFBC}") = "FileTest", "tests\FileTest\FileTest.csproj", "{17994512-E4F7-4D22-8D72-638122EB1318}"
EndProject
Global
	GlobalSection(SolutionConfigurationPlatforms) = preSolution
		Debug|Any CPU = Debug|Any CPU
		Release|Any CPU = Release|Any CPU
	EndGlobalSection
	GlobalSection(SolutionProperties) = preSolution
		HideSolutionNode = FALSE
	EndGlobalSection
	GlobalSection(ProjectConfigurationPlatforms) = postSolution
		{93307D5E-5E95-4EC4-970F-6645035BAAA2}.Debug|Any CPU.ActiveCfg = Debug|Any CPU
		{93307D5E-5E95-4EC4-970F-6645035BAAA2}.Debug|Any CPU.Build.0 = Debug|Any CPU
		{93307D5E-5E95-4EC4-970F-6645035BAAA2}.Release|Any CPU.ActiveCfg = Release|Any CPU
		{93307D5E-5E95-4EC4-970F-6645035BAAA2}.Release|Any CPU.Build.0 = Release|Any CPU
		{FC5ED56B-4E95-4796-9238-A64C30920AE7}.Debug|Any CPU.ActiveCfg = Debug|Any CPU
		{FC5ED56B-4E95-4796-9238-A64C30920AE7}.Debug|Any CPU.Build.0 = Debug|Any CPU
		{FC5ED56B-4E95-4796-9238-A64C30920AE7}.Release|Any CPU.ActiveCfg = Release|Any CPU
		{FC5ED56B-4E95-4796-9238-A64C30920AE7}.Release|Any CPU.Build.0 = Release|Any CPU
		{17994512-E4F7-4D22-8D72-638122EB1318}.Debug|Any CPU.ActiveCfg = Debug|Any CPU
		{17994512-E4F7-4D22-8D72-638122EB1318}.Debug|Any CPU.Build.0 = Debug|Any CPU
		{17994512-E4F7-4D22-8D72-638122EB1318}.Release|Any CPU.ActiveCfg = Release|Any CPU
		{17994512-E4F7-4D22-8D72-638122EB1318}.Release|Any CPU.Build.0 = Release|Any CPU
	EndGlobalSection
	GlobalSection(NestedProjects) = preSolution
		{93307D5E-5E95-4EC4-970F-6645035BAAA2} = {6B3B3222-6AE9-493B-84BF-4B9B52D48748}
		{FC5ED56B-4E95-4796-9238-A64C30920AE7} = {6B3B3222-6AE9-493B-84BF-4B9B52D48748}
		{17994512-E4F7-4D22-8D72-638122EB1318} = {EC3051D3-D6EB-438B-BDD6-DDC32D6D7AE2}
	EndGlobalSection
EndGlobal
